// !$*UTF8*$!
{
	archiveVersion = 1;
	classes = {
	};
	objectVersion = 56;
	objects = {

/* Begin PBXBuildFile section */
		303E8467299E815E003D8FC3 /* AuthRepository.swift in Sources */ = {isa = PBXBuildFile; fileRef = 303E8466299E815E003D8FC3 /* AuthRepository.swift */; };
		303E846F299E891F003D8FC3 /* UserCredentials.swift in Sources */ = {isa = PBXBuildFile; fileRef = 303E846E299E891F003D8FC3 /* UserCredentials.swift */; };
		303E8472299E8A3F003D8FC3 /* NetworkingConstants.swift in Sources */ = {isa = PBXBuildFile; fileRef = 303E8471299E8A3F003D8FC3 /* NetworkingConstants.swift */; };
		303E8478299E8B4D003D8FC3 /* VoidResponse.swift in Sources */ = {isa = PBXBuildFile; fileRef = 303E8477299E8B4D003D8FC3 /* VoidResponse.swift */; };
		303E847C299E8BFD003D8FC3 /* AuthRepositoryImpl.swift in Sources */ = {isa = PBXBuildFile; fileRef = 303E847B299E8BFD003D8FC3 /* AuthRepositoryImpl.swift */; };
		303E847F299E8C6D003D8FC3 /* AFDataReponseExtensions.swift in Sources */ = {isa = PBXBuildFile; fileRef = 303E847E299E8C6D003D8FC3 /* AFDataReponseExtensions.swift */; };
		303E8482299E8CF4003D8FC3 /* NetworkingErrorsEnum.swift in Sources */ = {isa = PBXBuildFile; fileRef = 303E8481299E8CF4003D8FC3 /* NetworkingErrorsEnum.swift */; };
		303E8485299E8D62003D8FC3 /* NetworkingError.swift in Sources */ = {isa = PBXBuildFile; fileRef = 303E8484299E8D62003D8FC3 /* NetworkingError.swift */; };
		303E8487299E8DFC003D8FC3 /* NSErrorExtensions.swift in Sources */ = {isa = PBXBuildFile; fileRef = 303E8486299E8DFC003D8FC3 /* NSErrorExtensions.swift */; };
		303E848D299E9011003D8FC3 /* NetworkingHelper.swift in Sources */ = {isa = PBXBuildFile; fileRef = 303E848C299E9011003D8FC3 /* NetworkingHelper.swift */; };
		303E8492299E91ED003D8FC3 /* LoginUseCase.swift in Sources */ = {isa = PBXBuildFile; fileRef = 303E8491299E91ED003D8FC3 /* LoginUseCase.swift */; };
		303E8495299E921B003D8FC3 /* LogoutUseCase.swift in Sources */ = {isa = PBXBuildFile; fileRef = 303E8494299E921B003D8FC3 /* LogoutUseCase.swift */; };
		3078181B299BC88600FD916D /* TimeFlowApp.swift in Sources */ = {isa = PBXBuildFile; fileRef = 3078181A299BC88600FD916D /* TimeFlowApp.swift */; };
		3078181F299BC88800FD916D /* Assets.xcassets in Resources */ = {isa = PBXBuildFile; fileRef = 3078181E299BC88800FD916D /* Assets.xcassets */; };
		30781822299BC88800FD916D /* Preview Assets.xcassets in Resources */ = {isa = PBXBuildFile; fileRef = 30781821299BC88800FD916D /* Preview Assets.xcassets */; };
		3078182A299BC95F00FD916D /* Alamofire in Frameworks */ = {isa = PBXBuildFile; productRef = 30781829299BC95F00FD916D /* Alamofire */; };
		3078182D299BC99F00FD916D /* KeychainAccess in Frameworks */ = {isa = PBXBuildFile; productRef = 3078182C299BC99F00FD916D /* KeychainAccess */; };
		3078183A299BCC2800FD916D /* Localizable.strings in Resources */ = {isa = PBXBuildFile; fileRef = 3078183C299BCC2800FD916D /* Localizable.strings */; };
		30781849299BCE9000FD916D /* RswiftLibrary in Frameworks */ = {isa = PBXBuildFile; productRef = 30781848299BCE9000FD916D /* RswiftLibrary */; };
		3078184D299BD01B00FD916D /* NeedleFoundation in Frameworks */ = {isa = PBXBuildFile; productRef = 3078184C299BD01B00FD916D /* NeedleFoundation */; };
		30781859299BD12500FD916D /* MainViewModel.swift in Sources */ = {isa = PBXBuildFile; fileRef = 30781858299BD12500FD916D /* MainViewModel.swift */; };
		3078185B299BD13900FD916D /* MainView.swift in Sources */ = {isa = PBXBuildFile; fileRef = 3078185A299BD13900FD916D /* MainView.swift */; };
		3078185D299BD16D00FD916D /* MainComponent.swift in Sources */ = {isa = PBXBuildFile; fileRef = 3078185C299BD16D00FD916D /* MainComponent.swift */; };
		30781861299BD22500FD916D /* NeedleGenerated.swift in Sources */ = {isa = PBXBuildFile; fileRef = 30781860299BD22500FD916D /* NeedleGenerated.swift */; };
		4F586297299E080A00DB82FC /* MainViewDisaplyingModeEnum.swift in Sources */ = {isa = PBXBuildFile; fileRef = 4F586296299E080A00DB82FC /* MainViewDisaplyingModeEnum.swift */; };
		4F58629D299E096300DB82FC /* LoginView.swift in Sources */ = {isa = PBXBuildFile; fileRef = 4F58629C299E096300DB82FC /* LoginView.swift */; };
		4F58629F299E099200DB82FC /* LoginViewModel.swift in Sources */ = {isa = PBXBuildFile; fileRef = 4F58629E299E099200DB82FC /* LoginViewModel.swift */; };
		4F5862A4299E0AFF00DB82FC /* AuthorizationView.swift in Sources */ = {isa = PBXBuildFile; fileRef = 4F5862A3299E0AFF00DB82FC /* AuthorizationView.swift */; };
		4F5862AA299E0D1200DB82FC /* AuthorizationViewModel.swift in Sources */ = {isa = PBXBuildFile; fileRef = 4F5862A9299E0D1200DB82FC /* AuthorizationViewModel.swift */; };
		4F5862AB299E0E3B00DB82FC /* LoginTextFieldStyle.swift in Sources */ = {isa = PBXBuildFile; fileRef = 4F5862A7299E0C6A00DB82FC /* LoginTextFieldStyle.swift */; };
		4F5862AE299E120C00DB82FC /* AuthorizationComponent.swift in Sources */ = {isa = PBXBuildFile; fileRef = 4F5862AD299E120C00DB82FC /* AuthorizationComponent.swift */; };
/* End PBXBuildFile section */

/* Begin PBXFileReference section */
		303E8466299E815E003D8FC3 /* AuthRepository.swift */ = {isa = PBXFileReference; lastKnownFileType = sourcecode.swift; path = AuthRepository.swift; sourceTree = "<group>"; };
		303E846E299E891F003D8FC3 /* UserCredentials.swift */ = {isa = PBXFileReference; lastKnownFileType = sourcecode.swift; path = UserCredentials.swift; sourceTree = "<group>"; };
		303E8471299E8A3F003D8FC3 /* NetworkingConstants.swift */ = {isa = PBXFileReference; lastKnownFileType = sourcecode.swift; path = NetworkingConstants.swift; sourceTree = "<group>"; };
		303E8477299E8B4D003D8FC3 /* VoidResponse.swift */ = {isa = PBXFileReference; lastKnownFileType = sourcecode.swift; path = VoidResponse.swift; sourceTree = "<group>"; };
		303E847B299E8BFD003D8FC3 /* AuthRepositoryImpl.swift */ = {isa = PBXFileReference; lastKnownFileType = sourcecode.swift; path = AuthRepositoryImpl.swift; sourceTree = "<group>"; };
		303E847E299E8C6D003D8FC3 /* AFDataReponseExtensions.swift */ = {isa = PBXFileReference; lastKnownFileType = sourcecode.swift; path = AFDataReponseExtensions.swift; sourceTree = "<group>"; };
		303E8481299E8CF4003D8FC3 /* NetworkingErrorsEnum.swift */ = {isa = PBXFileReference; lastKnownFileType = sourcecode.swift; path = NetworkingErrorsEnum.swift; sourceTree = "<group>"; };
		303E8483299E8D10003D8FC3 /* ru */ = {isa = PBXFileReference; lastKnownFileType = text.plist.strings; name = ru; path = ru.lproj/Localizable.strings; sourceTree = "<group>"; };
		303E8484299E8D62003D8FC3 /* NetworkingError.swift */ = {isa = PBXFileReference; lastKnownFileType = sourcecode.swift; path = NetworkingError.swift; sourceTree = "<group>"; };
		303E8486299E8DFC003D8FC3 /* NSErrorExtensions.swift */ = {isa = PBXFileReference; lastKnownFileType = sourcecode.swift; path = NSErrorExtensions.swift; sourceTree = "<group>"; };
		303E848C299E9011003D8FC3 /* NetworkingHelper.swift */ = {isa = PBXFileReference; lastKnownFileType = sourcecode.swift; path = NetworkingHelper.swift; sourceTree = "<group>"; };
		303E8491299E91ED003D8FC3 /* LoginUseCase.swift */ = {isa = PBXFileReference; lastKnownFileType = sourcecode.swift; path = LoginUseCase.swift; sourceTree = "<group>"; };
		303E8494299E921B003D8FC3 /* LogoutUseCase.swift */ = {isa = PBXFileReference; lastKnownFileType = sourcecode.swift; path = LogoutUseCase.swift; sourceTree = "<group>"; };
		30781817299BC88600FD916D /* TimeFlow.app */ = {isa = PBXFileReference; explicitFileType = wrapper.application; includeInIndex = 0; path = TimeFlow.app; sourceTree = BUILT_PRODUCTS_DIR; };
		3078181A299BC88600FD916D /* TimeFlowApp.swift */ = {isa = PBXFileReference; lastKnownFileType = sourcecode.swift; path = TimeFlowApp.swift; sourceTree = "<group>"; };
		3078181E299BC88800FD916D /* Assets.xcassets */ = {isa = PBXFileReference; lastKnownFileType = folder.assetcatalog; path = Assets.xcassets; sourceTree = "<group>"; };
		30781821299BC88800FD916D /* Preview Assets.xcassets */ = {isa = PBXFileReference; lastKnownFileType = folder.assetcatalog; path = "Preview Assets.xcassets"; sourceTree = "<group>"; };
		3078183B299BCC2800FD916D /* en */ = {isa = PBXFileReference; lastKnownFileType = text.plist.strings; name = en; path = en.lproj/Localizable.strings; sourceTree = "<group>"; };
		30781858299BD12500FD916D /* MainViewModel.swift */ = {isa = PBXFileReference; lastKnownFileType = sourcecode.swift; path = MainViewModel.swift; sourceTree = "<group>"; };
		3078185A299BD13900FD916D /* MainView.swift */ = {isa = PBXFileReference; lastKnownFileType = sourcecode.swift; path = MainView.swift; sourceTree = "<group>"; };
		3078185C299BD16D00FD916D /* MainComponent.swift */ = {isa = PBXFileReference; lastKnownFileType = sourcecode.swift; path = MainComponent.swift; sourceTree = "<group>"; };
		30781860299BD22500FD916D /* NeedleGenerated.swift */ = {isa = PBXFileReference; fileEncoding = 4; lastKnownFileType = sourcecode.swift; path = NeedleGenerated.swift; sourceTree = "<group>"; };
		4F586296299E080A00DB82FC /* MainViewDisaplyingModeEnum.swift */ = {isa = PBXFileReference; lastKnownFileType = sourcecode.swift; path = MainViewDisaplyingModeEnum.swift; sourceTree = "<group>"; };
		4F58629C299E096300DB82FC /* LoginView.swift */ = {isa = PBXFileReference; lastKnownFileType = sourcecode.swift; path = LoginView.swift; sourceTree = "<group>"; };
		4F58629E299E099200DB82FC /* LoginViewModel.swift */ = {isa = PBXFileReference; lastKnownFileType = sourcecode.swift; path = LoginViewModel.swift; sourceTree = "<group>"; };
		4F5862A3299E0AFF00DB82FC /* AuthorizationView.swift */ = {isa = PBXFileReference; lastKnownFileType = sourcecode.swift; path = AuthorizationView.swift; sourceTree = "<group>"; };
		4F5862A7299E0C6A00DB82FC /* LoginTextFieldStyle.swift */ = {isa = PBXFileReference; lastKnownFileType = sourcecode.swift; path = LoginTextFieldStyle.swift; sourceTree = "<group>"; };
		4F5862A9299E0D1200DB82FC /* AuthorizationViewModel.swift */ = {isa = PBXFileReference; lastKnownFileType = sourcecode.swift; path = AuthorizationViewModel.swift; sourceTree = "<group>"; };
		4F5862AD299E120C00DB82FC /* AuthorizationComponent.swift */ = {isa = PBXFileReference; lastKnownFileType = sourcecode.swift; path = AuthorizationComponent.swift; sourceTree = "<group>"; };
/* End PBXFileReference section */

/* Begin PBXFrameworksBuildPhase section */
		30781814299BC88600FD916D /* Frameworks */ = {
			isa = PBXFrameworksBuildPhase;
			buildActionMask = 2147483647;
			files = (
				3078184D299BD01B00FD916D /* NeedleFoundation in Frameworks */,
				3078182D299BC99F00FD916D /* KeychainAccess in Frameworks */,
				3078182A299BC95F00FD916D /* Alamofire in Frameworks */,
				30781849299BCE9000FD916D /* RswiftLibrary in Frameworks */,
			);
			runOnlyForDeploymentPostprocessing = 0;
		};
/* End PBXFrameworksBuildPhase section */

/* Begin PBXGroup section */
		303E8463299E8132003D8FC3 /* Domain */ = {
			isa = PBXGroup;
			children = (
				303E848F299E91D0003D8FC3 /* UseCases */,
				303E848B299E9004003D8FC3 /* Helpers */,
				303E847D299E8C5F003D8FC3 /* Extensions */,
				303E8464299E813A003D8FC3 /* Repositories */,
			);
			path = Domain;
			sourceTree = "<group>";
		};
		303E8464299E813A003D8FC3 /* Repositories */ = {
			isa = PBXGroup;
			children = (
				303E8465299E8143003D8FC3 /* Networking */,
			);
			path = Repositories;
			sourceTree = "<group>";
		};
		303E8465299E8143003D8FC3 /* Networking */ = {
			isa = PBXGroup;
			children = (
				303E8466299E815E003D8FC3 /* AuthRepository.swift */,
			);
			path = Networking;
			sourceTree = "<group>";
		};
		303E8468299E81A3003D8FC3 /* Networking */ = {
			isa = PBXGroup;
			children = (
				303E846B299E81BC003D8FC3 /* Auth */,
				303E846E299E891F003D8FC3 /* UserCredentials.swift */,
				303E8471299E8A3F003D8FC3 /* NetworkingConstants.swift */,
				303E8477299E8B4D003D8FC3 /* VoidResponse.swift */,
				303E8484299E8D62003D8FC3 /* NetworkingError.swift */,
			);
			path = Networking;
			sourceTree = "<group>";
		};
		303E846B299E81BC003D8FC3 /* Auth */ = {
			isa = PBXGroup;
			children = (
			);
			path = Auth;
			sourceTree = "<group>";
		};
		303E8479299E8BC3003D8FC3 /* Implementations */ = {
			isa = PBXGroup;
			children = (
				303E847A299E8BD0003D8FC3 /* Networking */,
			);
			path = Implementations;
			sourceTree = "<group>";
		};
		303E847A299E8BD0003D8FC3 /* Networking */ = {
			isa = PBXGroup;
			children = (
				303E847B299E8BFD003D8FC3 /* AuthRepositoryImpl.swift */,
			);
			path = Networking;
			sourceTree = "<group>";
		};
		303E847D299E8C5F003D8FC3 /* Extensions */ = {
			isa = PBXGroup;
			children = (
				303E847E299E8C6D003D8FC3 /* AFDataReponseExtensions.swift */,
				303E8486299E8DFC003D8FC3 /* NSErrorExtensions.swift */,
			);
			path = Extensions;
			sourceTree = "<group>";
		};
		303E8480299E8CE3003D8FC3 /* Networking */ = {
			isa = PBXGroup;
			children = (
				303E8481299E8CF4003D8FC3 /* NetworkingErrorsEnum.swift */,
			);
			path = Networking;
			sourceTree = "<group>";
		};
		303E848B299E9004003D8FC3 /* Helpers */ = {
			isa = PBXGroup;
			children = (
				303E848C299E9011003D8FC3 /* NetworkingHelper.swift */,
			);
			path = Helpers;
			sourceTree = "<group>";
		};
		303E848F299E91D0003D8FC3 /* UseCases */ = {
			isa = PBXGroup;
			children = (
				303E8490299E91DC003D8FC3 /* AuthRepository */,
			);
			path = UseCases;
			sourceTree = "<group>";
		};
		303E8490299E91DC003D8FC3 /* AuthRepository */ = {
			isa = PBXGroup;
			children = (
				303E8491299E91ED003D8FC3 /* LoginUseCase.swift */,
				303E8494299E921B003D8FC3 /* LogoutUseCase.swift */,
			);
			path = AuthRepository;
			sourceTree = "<group>";
		};
		3078180E299BC88600FD916D = {
			isa = PBXGroup;
			children = (
				30781819299BC88600FD916D /* TimeFlow */,
				30781818299BC88600FD916D /* Products */,
			);
			sourceTree = "<group>";
		};
		30781818299BC88600FD916D /* Products */ = {
			isa = PBXGroup;
			children = (
				30781817299BC88600FD916D /* TimeFlow.app */,
			);
			name = Products;
			sourceTree = "<group>";
		};
		30781819299BC88600FD916D /* TimeFlow */ = {
			isa = PBXGroup;
			children = (
				4F586292299E07B400DB82FC /* Data */,
				303E8463299E8132003D8FC3 /* Domain */,
				30781854299BD10700FD916D /* Presentation */,
				30781836299BCC0100FD916D /* Resources */,
				3078181A299BC88600FD916D /* TimeFlowApp.swift */,
				30781860299BD22500FD916D /* NeedleGenerated.swift */,
				3078181E299BC88800FD916D /* Assets.xcassets */,
				30781820299BC88800FD916D /* Preview Content */,
			);
			path = TimeFlow;
			sourceTree = "<group>";
		};
		30781820299BC88800FD916D /* Preview Content */ = {
			isa = PBXGroup;
			children = (
				30781821299BC88800FD916D /* Preview Assets.xcassets */,
			);
			path = "Preview Content";
			sourceTree = "<group>";
		};
		30781836299BCC0100FD916D /* Resources */ = {
			isa = PBXGroup;
			children = (
				4F5862A6299E0C4B00DB82FC /* StyleField */,
				30781837299BCC1900FD916D /* Localizable */,
			);
			path = Resources;
			sourceTree = "<group>";
		};
		30781837299BCC1900FD916D /* Localizable */ = {
			isa = PBXGroup;
			children = (
				3078183C299BCC2800FD916D /* Localizable.strings */,
			);
			path = Localizable;
			sourceTree = "<group>";
		};
		30781854299BD10700FD916D /* Presentation */ = {
			isa = PBXGroup;
			children = (
				4F5862A0299E0AA000DB82FC /* AuthorizationView */,
				4F586298299E092600DB82FC /* LoginView */,
				30781855299BD10F00FD916D /* MainView */,
			);
			path = Presentation;
			sourceTree = "<group>";
		};
		30781855299BD10F00FD916D /* MainView */ = {
			isa = PBXGroup;
			children = (
				30781857299BD11B00FD916D /* ViewModel */,
				30781856299BD11500FD916D /* Component */,
				3078185A299BD13900FD916D /* MainView.swift */,
			);
			path = MainView;
			sourceTree = "<group>";
		};
		30781856299BD11500FD916D /* Component */ = {
			isa = PBXGroup;
			children = (
				3078185C299BD16D00FD916D /* MainComponent.swift */,
			);
			path = Component;
			sourceTree = "<group>";
		};
		30781857299BD11B00FD916D /* ViewModel */ = {
			isa = PBXGroup;
			children = (
				30781858299BD12500FD916D /* MainViewModel.swift */,
			);
			path = ViewModel;
			sourceTree = "<group>";
		};
		4F586292299E07B400DB82FC /* Data */ = {
			isa = PBXGroup;
			children = (
				303E8479299E8BC3003D8FC3 /* Implementations */,
				4F586293299E07BE00DB82FC /* Model */,
			);
			path = Data;
			sourceTree = "<group>";
		};
		4F586293299E07BE00DB82FC /* Model */ = {
			isa = PBXGroup;
			children = (
				303E8468299E81A3003D8FC3 /* Networking */,
				4F586294299E07C800DB82FC /* Enums */,
			);
			path = Model;
			sourceTree = "<group>";
		};
		4F586294299E07C800DB82FC /* Enums */ = {
			isa = PBXGroup;
			children = (
				303E8480299E8CE3003D8FC3 /* Networking */,
				4F586295299E07D400DB82FC /* Views */,
			);
			path = Enums;
			sourceTree = "<group>";
		};
		4F586295299E07D400DB82FC /* Views */ = {
			isa = PBXGroup;
			children = (
				4F586296299E080A00DB82FC /* MainViewDisaplyingModeEnum.swift */,
			);
			path = Views;
			sourceTree = "<group>";
		};
		4F586298299E092600DB82FC /* LoginView */ = {
			isa = PBXGroup;
			children = (
				4F586299299E093400DB82FC /* ViewModel */,
				4F58629A299E094000DB82FC /* Component */,
				4F58629C299E096300DB82FC /* LoginView.swift */,
			);
			path = LoginView;
			sourceTree = "<group>";
		};
		4F586299299E093400DB82FC /* ViewModel */ = {
			isa = PBXGroup;
			children = (
				4F58629E299E099200DB82FC /* LoginViewModel.swift */,
			);
			path = ViewModel;
			sourceTree = "<group>";
		};
		4F58629A299E094000DB82FC /* Component */ = {
			isa = PBXGroup;
			children = (
			);
			path = Component;
			sourceTree = "<group>";
		};
		4F5862A0299E0AA000DB82FC /* AuthorizationView */ = {
			isa = PBXGroup;
			children = (
				4F5862A2299E0AD400DB82FC /* Component */,
				4F5862A1299E0AC800DB82FC /* ViewModel */,
				4F5862A3299E0AFF00DB82FC /* AuthorizationView.swift */,
			);
			path = AuthorizationView;
			sourceTree = "<group>";
		};
		4F5862A1299E0AC800DB82FC /* ViewModel */ = {
			isa = PBXGroup;
			children = (
				4F5862A9299E0D1200DB82FC /* AuthorizationViewModel.swift */,
			);
			path = ViewModel;
			sourceTree = "<group>";
		};
		4F5862A2299E0AD400DB82FC /* Component */ = {
			isa = PBXGroup;
			children = (
				4F5862AD299E120C00DB82FC /* AuthorizationComponent.swift */,
			);
			path = Component;
			sourceTree = "<group>";
		};
		4F5862A6299E0C4B00DB82FC /* StyleField */ = {
			isa = PBXGroup;
			children = (
				4F5862A7299E0C6A00DB82FC /* LoginTextFieldStyle.swift */,
			);
			path = StyleField;
			sourceTree = "<group>";
		};
/* End PBXGroup section */

/* Begin PBXNativeTarget section */
		30781816299BC88600FD916D /* TimeFlow */ = {
			isa = PBXNativeTarget;
			buildConfigurationList = 30781825299BC88800FD916D /* Build configuration list for PBXNativeTarget "TimeFlow" */;
			buildPhases = (
				3078184F299BD06C00FD916D /* Needle */,
				30781813299BC88600FD916D /* Sources */,
				30781814299BC88600FD916D /* Frameworks */,
				30781815299BC88600FD916D /* Resources */,
				3078182F299BCAFA00FD916D /* Swiftlint */,
			);
			buildRules = (
			);
			dependencies = (
				30781835299BCBD000FD916D /* PBXTargetDependency */,
			);
			name = TimeFlow;
			packageProductDependencies = (
				30781829299BC95F00FD916D /* Alamofire */,
				3078182C299BC99F00FD916D /* KeychainAccess */,
				30781848299BCE9000FD916D /* RswiftLibrary */,
				3078184C299BD01B00FD916D /* NeedleFoundation */,
			);
			productName = TimeFlow;
			productReference = 30781817299BC88600FD916D /* TimeFlow.app */;
			productType = "com.apple.product-type.application";
		};
/* End PBXNativeTarget section */

/* Begin PBXProject section */
		3078180F299BC88600FD916D /* Project object */ = {
			isa = PBXProject;
			attributes = {
				BuildIndependentTargetsInParallel = 1;
				LastSwiftUpdateCheck = 1420;
				LastUpgradeCheck = 1420;
				TargetAttributes = {
					30781816299BC88600FD916D = {
						CreatedOnToolsVersion = 14.2;
					};
				};
			};
			buildConfigurationList = 30781812299BC88600FD916D /* Build configuration list for PBXProject "TimeFlow" */;
			compatibilityVersion = "Xcode 14.0";
			developmentRegion = en;
			hasScannedForEncodings = 0;
			knownRegions = (
				en,
				Base,
				ru,
			);
			mainGroup = 3078180E299BC88600FD916D;
			packageReferences = (
				30781828299BC95F00FD916D /* XCRemoteSwiftPackageReference "Alamofire" */,
				3078182B299BC99F00FD916D /* XCRemoteSwiftPackageReference "KeychainAccess" */,
				30781847299BCE9000FD916D /* XCRemoteSwiftPackageReference "R.swift" */,
				3078184B299BD01B00FD916D /* XCRemoteSwiftPackageReference "needle" */,
			);
			productRefGroup = 30781818299BC88600FD916D /* Products */;
			projectDirPath = "";
			projectRoot = "";
			targets = (
				30781816299BC88600FD916D /* TimeFlow */,
			);
		};
/* End PBXProject section */

/* Begin PBXResourcesBuildPhase section */
		30781815299BC88600FD916D /* Resources */ = {
			isa = PBXResourcesBuildPhase;
			buildActionMask = 2147483647;
			files = (
				30781822299BC88800FD916D /* Preview Assets.xcassets in Resources */,
				3078183A299BCC2800FD916D /* Localizable.strings in Resources */,
				3078181F299BC88800FD916D /* Assets.xcassets in Resources */,
			);
			runOnlyForDeploymentPostprocessing = 0;
		};
/* End PBXResourcesBuildPhase section */

/* Begin PBXShellScriptBuildPhase section */
		3078182F299BCAFA00FD916D /* Swiftlint */ = {
			isa = PBXShellScriptBuildPhase;
			alwaysOutOfDate = 1;
			buildActionMask = 2147483647;
			files = (
			);
			inputFileListPaths = (
			);
			inputPaths = (
			);
			name = Swiftlint;
			outputFileListPaths = (
			);
			outputPaths = (
			);
			runOnlyForDeploymentPostprocessing = 0;
			shellPath = /bin/sh;
			shellScript = "export PATH=\"$PATH:/opt/homebrew/bin\"\nif which swiftlint > /dev/null; then\n  swiftlint\nelse\n  echo \"warning: SwiftLint not installed, download from https://github.com/realm/SwiftLint\"\nfi\n";
		};
		3078184F299BD06C00FD916D /* Needle */ = {
			isa = PBXShellScriptBuildPhase;
			buildActionMask = 2147483647;
			files = (
			);
			inputFileListPaths = (
			);
			inputPaths = (
			);
			name = Needle;
			outputFileListPaths = (
			);
			outputPaths = (
			);
			runOnlyForDeploymentPostprocessing = 0;
			shellPath = /bin/sh;
			shellScript = "export PATH=\"$PATH:/opt/homebrew/bin\"\n\nif which needle; then\n    SOURCEKIT_LOGGING=0 && needle generate $SRCROOT/$TARGETNAME/NeedleGenerated.swift $SRCROOT/$TARGETNAME\nelse\n  echo \"warning: Needle not installed, download from https://github.com/uber/needle using Homebrew\"\nfi\n";
		};
/* End PBXShellScriptBuildPhase section */

/* Begin PBXSourcesBuildPhase section */
		30781813299BC88600FD916D /* Sources */ = {
			isa = PBXSourcesBuildPhase;
			buildActionMask = 2147483647;
			files = (
				4F586297299E080A00DB82FC /* MainViewDisaplyingModeEnum.swift in Sources */,
				303E848D299E9011003D8FC3 /* NetworkingHelper.swift in Sources */,
				4F58629D299E096300DB82FC /* LoginView.swift in Sources */,
				4F5862AB299E0E3B00DB82FC /* LoginTextFieldStyle.swift in Sources */,
				3078181B299BC88600FD916D /* TimeFlowApp.swift in Sources */,
				3078185B299BD13900FD916D /* MainView.swift in Sources */,
				303E847F299E8C6D003D8FC3 /* AFDataReponseExtensions.swift in Sources */,
				4F58629F299E099200DB82FC /* LoginViewModel.swift in Sources */,
				3078185D299BD16D00FD916D /* MainComponent.swift in Sources */,
				303E847C299E8BFD003D8FC3 /* AuthRepositoryImpl.swift in Sources */,
				4F5862AE299E120C00DB82FC /* AuthorizationComponent.swift in Sources */,
				303E8487299E8DFC003D8FC3 /* NSErrorExtensions.swift in Sources */,
				303E8472299E8A3F003D8FC3 /* NetworkingConstants.swift in Sources */,
				30781859299BD12500FD916D /* MainViewModel.swift in Sources */,
				30781861299BD22500FD916D /* NeedleGenerated.swift in Sources */,
				4F5862A4299E0AFF00DB82FC /* AuthorizationView.swift in Sources */,
				303E8485299E8D62003D8FC3 /* NetworkingError.swift in Sources */,
				303E8495299E921B003D8FC3 /* LogoutUseCase.swift in Sources */,
				4F5862AA299E0D1200DB82FC /* AuthorizationViewModel.swift in Sources */,
				303E8492299E91ED003D8FC3 /* LoginUseCase.swift in Sources */,
				303E8467299E815E003D8FC3 /* AuthRepository.swift in Sources */,
				303E8478299E8B4D003D8FC3 /* VoidResponse.swift in Sources */,
				303E846F299E891F003D8FC3 /* UserCredentials.swift in Sources */,
				303E8482299E8CF4003D8FC3 /* NetworkingErrorsEnum.swift in Sources */,
			);
			runOnlyForDeploymentPostprocessing = 0;
		};
/* End PBXSourcesBuildPhase section */

/* Begin PBXTargetDependency section */
		30781835299BCBD000FD916D /* PBXTargetDependency */ = {
			isa = PBXTargetDependency;
			productRef = 30781834299BCBD000FD916D /* RswiftGenerateInternalResources */;
		};
/* End PBXTargetDependency section */

/* Begin PBXVariantGroup section */
		3078183C299BCC2800FD916D /* Localizable.strings */ = {
			isa = PBXVariantGroup;
			children = (
				3078183B299BCC2800FD916D /* en */,
				303E8483299E8D10003D8FC3 /* ru */,
			);
			name = Localizable.strings;
			sourceTree = "<group>";
		};
/* End PBXVariantGroup section */

/* Begin XCBuildConfiguration section */
		30781823299BC88800FD916D /* Debug */ = {
			isa = XCBuildConfiguration;
			buildSettings = {
				ALWAYS_SEARCH_USER_PATHS = NO;
				CLANG_ANALYZER_LOCALIZABILITY_NONLOCALIZED = YES;
				CLANG_ANALYZER_NONNULL = YES;
				CLANG_ANALYZER_NUMBER_OBJECT_CONVERSION = YES_AGGRESSIVE;
				CLANG_CXX_LANGUAGE_STANDARD = "gnu++20";
				CLANG_ENABLE_MODULES = YES;
				CLANG_ENABLE_OBJC_ARC = YES;
				CLANG_ENABLE_OBJC_WEAK = YES;
				CLANG_WARN_BLOCK_CAPTURE_AUTORELEASING = YES;
				CLANG_WARN_BOOL_CONVERSION = YES;
				CLANG_WARN_COMMA = YES;
				CLANG_WARN_CONSTANT_CONVERSION = YES;
				CLANG_WARN_DEPRECATED_OBJC_IMPLEMENTATIONS = YES;
				CLANG_WARN_DIRECT_OBJC_ISA_USAGE = YES_ERROR;
				CLANG_WARN_DOCUMENTATION_COMMENTS = YES;
				CLANG_WARN_EMPTY_BODY = YES;
				CLANG_WARN_ENUM_CONVERSION = YES;
				CLANG_WARN_INFINITE_RECURSION = YES;
				CLANG_WARN_INT_CONVERSION = YES;
				CLANG_WARN_NON_LITERAL_NULL_CONVERSION = YES;
				CLANG_WARN_OBJC_IMPLICIT_RETAIN_SELF = YES;
				CLANG_WARN_OBJC_LITERAL_CONVERSION = YES;
				CLANG_WARN_OBJC_ROOT_CLASS = YES_ERROR;
				CLANG_WARN_QUOTED_INCLUDE_IN_FRAMEWORK_HEADER = YES;
				CLANG_WARN_RANGE_LOOP_ANALYSIS = YES;
				CLANG_WARN_STRICT_PROTOTYPES = YES;
				CLANG_WARN_SUSPICIOUS_MOVE = YES;
				CLANG_WARN_UNGUARDED_AVAILABILITY = YES_AGGRESSIVE;
				CLANG_WARN_UNREACHABLE_CODE = YES;
				CLANG_WARN__DUPLICATE_METHOD_MATCH = YES;
				COPY_PHASE_STRIP = NO;
				DEBUG_INFORMATION_FORMAT = dwarf;
				ENABLE_STRICT_OBJC_MSGSEND = YES;
				ENABLE_TESTABILITY = YES;
				GCC_C_LANGUAGE_STANDARD = gnu11;
				GCC_DYNAMIC_NO_PIC = NO;
				GCC_NO_COMMON_BLOCKS = YES;
				GCC_OPTIMIZATION_LEVEL = 0;
				GCC_PREPROCESSOR_DEFINITIONS = (
					"DEBUG=1",
					"$(inherited)",
				);
				GCC_WARN_64_TO_32_BIT_CONVERSION = YES;
				GCC_WARN_ABOUT_RETURN_TYPE = YES_ERROR;
				GCC_WARN_UNDECLARED_SELECTOR = YES;
				GCC_WARN_UNINITIALIZED_AUTOS = YES_AGGRESSIVE;
				GCC_WARN_UNUSED_FUNCTION = YES;
				GCC_WARN_UNUSED_VARIABLE = YES;
				IPHONEOS_DEPLOYMENT_TARGET = 16.2;
				MTL_ENABLE_DEBUG_INFO = INCLUDE_SOURCE;
				MTL_FAST_MATH = YES;
				ONLY_ACTIVE_ARCH = YES;
				SDKROOT = iphoneos;
				SWIFT_ACTIVE_COMPILATION_CONDITIONS = DEBUG;
				SWIFT_OPTIMIZATION_LEVEL = "-Onone";
			};
			name = Debug;
		};
		30781824299BC88800FD916D /* Release */ = {
			isa = XCBuildConfiguration;
			buildSettings = {
				ALWAYS_SEARCH_USER_PATHS = NO;
				CLANG_ANALYZER_LOCALIZABILITY_NONLOCALIZED = YES;
				CLANG_ANALYZER_NONNULL = YES;
				CLANG_ANALYZER_NUMBER_OBJECT_CONVERSION = YES_AGGRESSIVE;
				CLANG_CXX_LANGUAGE_STANDARD = "gnu++20";
				CLANG_ENABLE_MODULES = YES;
				CLANG_ENABLE_OBJC_ARC = YES;
				CLANG_ENABLE_OBJC_WEAK = YES;
				CLANG_WARN_BLOCK_CAPTURE_AUTORELEASING = YES;
				CLANG_WARN_BOOL_CONVERSION = YES;
				CLANG_WARN_COMMA = YES;
				CLANG_WARN_CONSTANT_CONVERSION = YES;
				CLANG_WARN_DEPRECATED_OBJC_IMPLEMENTATIONS = YES;
				CLANG_WARN_DIRECT_OBJC_ISA_USAGE = YES_ERROR;
				CLANG_WARN_DOCUMENTATION_COMMENTS = YES;
				CLANG_WARN_EMPTY_BODY = YES;
				CLANG_WARN_ENUM_CONVERSION = YES;
				CLANG_WARN_INFINITE_RECURSION = YES;
				CLANG_WARN_INT_CONVERSION = YES;
				CLANG_WARN_NON_LITERAL_NULL_CONVERSION = YES;
				CLANG_WARN_OBJC_IMPLICIT_RETAIN_SELF = YES;
				CLANG_WARN_OBJC_LITERAL_CONVERSION = YES;
				CLANG_WARN_OBJC_ROOT_CLASS = YES_ERROR;
				CLANG_WARN_QUOTED_INCLUDE_IN_FRAMEWORK_HEADER = YES;
				CLANG_WARN_RANGE_LOOP_ANALYSIS = YES;
				CLANG_WARN_STRICT_PROTOTYPES = YES;
				CLANG_WARN_SUSPICIOUS_MOVE = YES;
				CLANG_WARN_UNGUARDED_AVAILABILITY = YES_AGGRESSIVE;
				CLANG_WARN_UNREACHABLE_CODE = YES;
				CLANG_WARN__DUPLICATE_METHOD_MATCH = YES;
				COPY_PHASE_STRIP = NO;
				DEBUG_INFORMATION_FORMAT = "dwarf-with-dsym";
				ENABLE_NS_ASSERTIONS = NO;
				ENABLE_STRICT_OBJC_MSGSEND = YES;
				GCC_C_LANGUAGE_STANDARD = gnu11;
				GCC_NO_COMMON_BLOCKS = YES;
				GCC_WARN_64_TO_32_BIT_CONVERSION = YES;
				GCC_WARN_ABOUT_RETURN_TYPE = YES_ERROR;
				GCC_WARN_UNDECLARED_SELECTOR = YES;
				GCC_WARN_UNINITIALIZED_AUTOS = YES_AGGRESSIVE;
				GCC_WARN_UNUSED_FUNCTION = YES;
				GCC_WARN_UNUSED_VARIABLE = YES;
				IPHONEOS_DEPLOYMENT_TARGET = 16.2;
				MTL_ENABLE_DEBUG_INFO = NO;
				MTL_FAST_MATH = YES;
				SDKROOT = iphoneos;
				SWIFT_COMPILATION_MODE = wholemodule;
				SWIFT_OPTIMIZATION_LEVEL = "-O";
				VALIDATE_PRODUCT = YES;
			};
			name = Release;
		};
		30781826299BC88800FD916D /* Debug */ = {
			isa = XCBuildConfiguration;
			buildSettings = {
				ASSETCATALOG_COMPILER_APPICON_NAME = AppIcon;
				ASSETCATALOG_COMPILER_GLOBAL_ACCENT_COLOR_NAME = AccentColor;
				CODE_SIGN_STYLE = Automatic;
				CURRENT_PROJECT_VERSION = 1;
				DEVELOPMENT_ASSET_PATHS = "\"TimeFlow/Preview Content\"";
				ENABLE_PREVIEWS = YES;
				EXCLUDED_ARCHS = "";
				GENERATE_INFOPLIST_FILE = YES;
				INFOPLIST_KEY_UIApplicationSceneManifest_Generation = YES;
				INFOPLIST_KEY_UIApplicationSupportsIndirectInputEvents = YES;
				INFOPLIST_KEY_UILaunchScreen_Generation = YES;
				INFOPLIST_KEY_UISupportedInterfaceOrientations_iPad = "UIInterfaceOrientationPortrait UIInterfaceOrientationPortraitUpsideDown UIInterfaceOrientationLandscapeLeft UIInterfaceOrientationLandscapeRight";
				INFOPLIST_KEY_UISupportedInterfaceOrientations_iPhone = "UIInterfaceOrientationPortrait UIInterfaceOrientationLandscapeLeft UIInterfaceOrientationLandscapeRight";
				LD_RUNPATH_SEARCH_PATHS = (
					"$(inherited)",
					"@executable_path/Frameworks",
				);
				MARKETING_VERSION = 1.0;
				ONLY_ACTIVE_ARCH = YES;
				PRODUCT_BUNDLE_IDENTIFIER = com.hits.TimeFlow;
				PRODUCT_NAME = "$(TARGET_NAME)";
				SWIFT_EMIT_LOC_STRINGS = YES;
				SWIFT_VERSION = 5.0;
				TARGETED_DEVICE_FAMILY = "1,2";
			};
			name = Debug;
		};
		30781827299BC88800FD916D /* Release */ = {
			isa = XCBuildConfiguration;
			buildSettings = {
				ASSETCATALOG_COMPILER_APPICON_NAME = AppIcon;
				ASSETCATALOG_COMPILER_GLOBAL_ACCENT_COLOR_NAME = AccentColor;
				CODE_SIGN_STYLE = Automatic;
				CURRENT_PROJECT_VERSION = 1;
				DEVELOPMENT_ASSET_PATHS = "\"TimeFlow/Preview Content\"";
				ENABLE_PREVIEWS = YES;
				EXCLUDED_ARCHS = "";
				GENERATE_INFOPLIST_FILE = YES;
				INFOPLIST_KEY_UIApplicationSceneManifest_Generation = YES;
				INFOPLIST_KEY_UIApplicationSupportsIndirectInputEvents = YES;
				INFOPLIST_KEY_UILaunchScreen_Generation = YES;
				INFOPLIST_KEY_UISupportedInterfaceOrientations_iPad = "UIInterfaceOrientationPortrait UIInterfaceOrientationPortraitUpsideDown UIInterfaceOrientationLandscapeLeft UIInterfaceOrientationLandscapeRight";
				INFOPLIST_KEY_UISupportedInterfaceOrientations_iPhone = "UIInterfaceOrientationPortrait UIInterfaceOrientationLandscapeLeft UIInterfaceOrientationLandscapeRight";
				LD_RUNPATH_SEARCH_PATHS = (
					"$(inherited)",
					"@executable_path/Frameworks",
				);
				MARKETING_VERSION = 1.0;
				PRODUCT_BUNDLE_IDENTIFIER = com.hits.TimeFlow;
				PRODUCT_NAME = "$(TARGET_NAME)";
				SWIFT_EMIT_LOC_STRINGS = YES;
				SWIFT_VERSION = 5.0;
				TARGETED_DEVICE_FAMILY = "1,2";
			};
			name = Release;
		};
/* End XCBuildConfiguration section */

/* Begin XCConfigurationList section */
		30781812299BC88600FD916D /* Build configuration list for PBXProject "TimeFlow" */ = {
			isa = XCConfigurationList;
			buildConfigurations = (
				30781823299BC88800FD916D /* Debug */,
				30781824299BC88800FD916D /* Release */,
			);
			defaultConfigurationIsVisible = 0;
			defaultConfigurationName = Release;
		};
		30781825299BC88800FD916D /* Build configuration list for PBXNativeTarget "TimeFlow" */ = {
			isa = XCConfigurationList;
			buildConfigurations = (
				30781826299BC88800FD916D /* Debug */,
				30781827299BC88800FD916D /* Release */,
			);
			defaultConfigurationIsVisible = 0;
			defaultConfigurationName = Release;
		};
/* End XCConfigurationList section */

/* Begin XCRemoteSwiftPackageReference section */
		30781828299BC95F00FD916D /* XCRemoteSwiftPackageReference "Alamofire" */ = {
			isa = XCRemoteSwiftPackageReference;
			repositoryURL = "https://github.com/Alamofire/Alamofire.git";
			requirement = {
				kind = upToNextMajorVersion;
				minimumVersion = 5.6.4;
			};
		};
		3078182B299BC99F00FD916D /* XCRemoteSwiftPackageReference "KeychainAccess" */ = {
			isa = XCRemoteSwiftPackageReference;
			repositoryURL = "https://github.com/kishikawakatsumi/KeychainAccess.git";
			requirement = {
				kind = upToNextMajorVersion;
				minimumVersion = 4.2.2;
			};
		};
		30781847299BCE9000FD916D /* XCRemoteSwiftPackageReference "R.swift" */ = {
			isa = XCRemoteSwiftPackageReference;
			repositoryURL = "https://github.com/mac-cain13/R.swift.git";
			requirement = {
				kind = upToNextMajorVersion;
				minimumVersion = 7.2.4;
			};
		};
		3078184B299BD01B00FD916D /* XCRemoteSwiftPackageReference "needle" */ = {
			isa = XCRemoteSwiftPackageReference;
			repositoryURL = "https://github.com/uber/needle.git";
			requirement = {
				kind = upToNextMajorVersion;
				minimumVersion = 0.22.0;
			};
		};
/* End XCRemoteSwiftPackageReference section */

/* Begin XCSwiftPackageProductDependency section */
		30781829299BC95F00FD916D /* Alamofire */ = {
			isa = XCSwiftPackageProductDependency;
			package = 30781828299BC95F00FD916D /* XCRemoteSwiftPackageReference "Alamofire" */;
			productName = Alamofire;
		};
		3078182C299BC99F00FD916D /* KeychainAccess */ = {
			isa = XCSwiftPackageProductDependency;
			package = 3078182B299BC99F00FD916D /* XCRemoteSwiftPackageReference "KeychainAccess" */;
			productName = KeychainAccess;
		};
		30781834299BCBD000FD916D /* RswiftGenerateInternalResources */ = {
			isa = XCSwiftPackageProductDependency;
			productName = "plugin:RswiftGenerateInternalResources";
		};
		30781848299BCE9000FD916D /* RswiftLibrary */ = {
			isa = XCSwiftPackageProductDependency;
			package = 30781847299BCE9000FD916D /* XCRemoteSwiftPackageReference "R.swift" */;
			productName = RswiftLibrary;
		};
		3078184C299BD01B00FD916D /* NeedleFoundation */ = {
			isa = XCSwiftPackageProductDependency;
			package = 3078184B299BD01B00FD916D /* XCRemoteSwiftPackageReference "needle" */;
			productName = NeedleFoundation;
		};
/* End XCSwiftPackageProductDependency section */
	};
	rootObject = 3078180F299BC88600FD916D /* Project object */;
}
