{
  "object": {
    "pins": [
      {
        "package": "Alamofire",
        "repositoryURL": "https://github.com/Alamofire/Alamofire.git",
        "state": {
          "branch": null,
          "revision": "78424be314842833c04bc3bef5b72e85fff99204",
          "version": "5.6.4"
        }
      },
      {
        "package": "AxisSegmentedView",
        "repositoryURL": "https://github.com/jasudev/AxisSegmentedView.git",
        "state": {
          "branch": null,
          "revision": "4a9a9c6c5b32b51e5d2fd4c30e8c475658853131",
          "version": "0.5.2"
        }
      },
      {
        "package": "ElegantPages",
        "repositoryURL": "https://github.com/ThasianX/ElegantPages",
        "state": {
          "branch": null,
          "revision": "d598ce4824c40296decc84eae5b3c042d3dff842",
          "version": "1.4.2"
        }
      },
      {
        "package": "KeychainAccess",
        "repositoryURL": "https://github.com/kishikawakatsumi/KeychainAccess.git",
        "state": {
          "branch": null,
          "revision": "84e546727d66f1adc5439debad16270d0fdd04e7",
          "version": "4.2.2"
        }
      },
      {
        "package": "Lottie",
        "repositoryURL": "https://github.com/airbnb/lottie-spm.git",
        "state": {
          "branch": null,
          "revision": "c3852816c622ad35a03ed39c187c1644ece2382b",
          "version": "4.1.3"
        }
      },
      {
        "package": "NeedleFoundation",
        "repositoryURL": "https://github.com/uber/needle.git",
        "state": {
          "branch": null,
          "revision": "d3eaf696ad2e4c3e25618cfa3643402fdd237f7a",
          "version": "0.22.0"
        }
      },
      {
        "package": "Rswift",
        "repositoryURL": "https://github.com/mac-cain13/R.swift.git",
        "state": {
          "branch": null,
          "revision": "cffbe4aa55ab5f012590b38ad114079c407e6937",
          "version": "7.2.4"
        }
      },
      {
        "package": "SPAlert",
        "repositoryURL": "https://github.com/ivanvorobei/SPAlert",
        "state": {
          "branch": null,
          "revision": "5fd3e2923d26f0f0b40f0e6c10fca458a61a73c4",
          "version": "4.2.0"
        }
      },
      {
        "package": "swift-argument-parser",
        "repositoryURL": "https://github.com/apple/swift-argument-parser",
        "state": {
          "branch": null,
          "revision": "fee6933f37fde9a5e12a1e4aeaa93fe60116ff2a",
          "version": "1.2.2"
        }
      },
      {
        "package": "SwiftyUserDefaults",
        "repositoryURL": "https://github.com/sunshinejr/SwiftyUserDefaults.git",
        "state": {
          "branch": null,
          "revision": "f66bcd04088582c8fbb5cb8554d577e303bae396",
          "version": "5.3.0"
        }
      },
      {
        "package": "XcodeEdit",
        "repositoryURL": "https://github.com/tomlokhorst/XcodeEdit",
        "state": {
          "branch": null,
          "revision": "cd466d6e8c5ffd2f2b61165d37b0646f09068e1e",
          "version": "2.9.0"
        }
      }
    ]
  },
  "version": 1
}
